
Microsoft Visual Studio Solution File, Format Version 12.00
# Visual Studio Version 17
VisualStudioVersion = 17.4.33205.214
MinimumVisualStudioVersion = 10.0.40219.1
Project("{8BC9CEB8-8B4A-11D0-8D11-00A0C91BC942}") = "Sandbox", "Sandbox\Sandbox.vcxproj", "{F6D1202C-9F57-4684-ABAB-ABE1ADE15FC5}"
EndProject
Project("{8BC9CEB8-8B4A-11D0-8D11-00A0C91BC942}") = "Hazel", "Hazel\Hazel.vcxproj", "{34E3CB19-70F4-45CE-99DC-ADE2A233F1EB}"
EndProject
Global
	GlobalSection(SolutionConfigurationPlatforms) = preSolution
		Debug|x64 = Debug|x64
		Release|x64 = Release|x64
	EndGlobalSection
	GlobalSection(ProjectConfigurationPlatforms) = postSolution
		{F6D1202C-9F57-4684-ABAB-ABE1ADE15FC5}.Debug|x64.ActiveCfg = Debug|x64
		{F6D1202C-9F57-4684-ABAB-ABE1ADE15FC5}.Debug|x64.Build.0 = Debug|x64
		{F6D1202C-9F57-4684-ABAB-ABE1ADE15FC5}.Release|x64.ActiveCfg = Release|x64
		{F6D1202C-9F57-4684-ABAB-ABE1ADE15FC5}.Release|x64.Build.0 = Release|x64
		{34E3CB19-70F4-45CE-99DC-ADE2A233F1EB}.Debug|x64.ActiveCfg = Debug|x64
		{34E3CB19-70F4-45CE-99DC-ADE2A233F1EB}.Debug|x64.Build.0 = Debug|x64
		{34E3CB19-70F4-45CE-99DC-ADE2A233F1EB}.Release|x64.ActiveCfg = Release|x64
		{34E3CB19-70F4-45CE-99DC-ADE2A233F1EB}.Release|x64.Build.0 = Release|x64
	EndGlobalSection
	GlobalSection(SolutionProperties) = preSolution
		HideSolutionNode = FALSE
	EndGlobalSection
	GlobalSection(ExtensibilityGlobals) = postSolution
		SolutionGuid = {06E5C348-19A5-4708-9668-3A317BA2B2D2}
	EndGlobalSection
EndGlobal
